{
  "version": 1,
  "dependencies": {
    "net8.0": {
      "YorubaOrganization.Core": {
        "type": "Direct",
        "requested": "[3.0.0, )",
        "resolved": "3.0.0",
        "contentHash": "qLzjdJzKAuMRlt9GzgKAv0+JZkBsx40okihD6lAm8fofdqBjMXAkUx9d/wu1L+M7rfJvw2SEl0J5dFkCOMGZ1Q==",
        "dependencies": {
          "MediatR.Contracts": "2.0.1"
        }
      },
      "MediatR.Contracts": {
        "type": "Transitive",
        "resolved": "2.0.1",
        "contentHash": "FYv95bNT4UwcNA+G/J1oX5OpRiSUxteXaUt2BJbRSdRNiIUNbggJF69wy6mnk2wYToaanpdXZdCwVylt96MpwQ=="
      }
    }
  }
}