
Microsoft Visual Studio Solution File, Format Version 12.00
# Visual Studio Version 17
VisualStudioVersion = 17.7.34221.43
MinimumVisualStudioVersion = 10.0.40219.1
Project("{9A19103F-16F7-4668-BE54-9A1E7A4F7556}") = "Core", "Core\Core.csproj", "{12B35F2A-85F6-45C5-B1E9-84089F529ED6}"
EndProject
Project("{9A19103F-16F7-4668-BE54-9A1E7A4F7556}") = "Infrastructure.MongoDB", "Infrastructure.MongoDB\Infrastructure.MongoDB.csproj", "{2C8E50D5-BE74-4370-B0CA-156C16D00AA4}"
EndProject
Project("{9A19103F-16F7-4668-BE54-9A1E7A4F7556}") = "Application", "Application\Application.csproj", "{6FBF4BDD-D321-4B30-BA9C-70B1B0320361}"
EndProject
Project("{9A19103F-16F7-4668-BE54-9A1E7A4F7556}") = "Api", "Api\Api.csproj", "{6DF0AC0B-335E-44A3-AD11-5DC7A12602D4}"
EndProject
Project("{9A19103F-16F7-4668-BE54-9A1E7A4F7556}") = "Test", "Test\Test.csproj", "{B87D8AB1-7C4D-4B2D-A8FA-76E94015544E}"
	ProjectSection(ProjectDependencies) = postProject
		{6DF0AC0B-335E-44A3-AD11-5DC7A12602D4} = {6DF0AC0B-335E-44A3-AD11-5DC7A12602D4}
		{6FBF4BDD-D321-4B30-BA9C-70B1B0320361} = {6FBF4BDD-D321-4B30-BA9C-70B1B0320361}
	EndProjectSection
EndProject
Project("{9A19103F-16F7-4668-BE54-9A1E7A4F7556}") = "Website", "Website\Website.csproj", "{725625C7-DD38-4E69-8A5B-99298026954B}"
EndProject
Project("{E53339B2-1760-4266-BCC7-CA923CBCF16C}") = "docker-compose", "docker-compose.dcproj", "{A69D2C16-E0AD-4911-8D4F-42369452BAB2}"
EndProject
Global
	GlobalSection(SolutionConfigurationPlatforms) = preSolution
		Debug|Any CPU = Debug|Any CPU
		Release|Any CPU = Release|Any CPU
	EndGlobalSection
	GlobalSection(ProjectConfigurationPlatforms) = postSolution
		{12B35F2A-85F6-45C5-B1E9-84089F529ED6}.Debug|Any CPU.ActiveCfg = Debug|Any CPU
		{12B35F2A-85F6-45C5-B1E9-84089F529ED6}.Debug|Any CPU.Build.0 = Debug|Any CPU
		{12B35F2A-85F6-45C5-B1E9-84089F529ED6}.Release|Any CPU.ActiveCfg = Release|Any CPU
		{12B35F2A-85F6-45C5-B1E9-84089F529ED6}.Release|Any CPU.Build.0 = Release|Any CPU
		{2C8E50D5-BE74-4370-B0CA-156C16D00AA4}.Debug|Any CPU.ActiveCfg = Debug|Any CPU
		{2C8E50D5-BE74-4370-B0CA-156C16D00AA4}.Debug|Any CPU.Build.0 = Debug|Any CPU
		{2C8E50D5-BE74-4370-B0CA-156C16D00AA4}.Release|Any CPU.ActiveCfg = Release|Any CPU
		{2C8E50D5-BE74-4370-B0CA-156C16D00AA4}.Release|Any CPU.Build.0 = Release|Any CPU
		{6FBF4BDD-D321-4B30-BA9C-70B1B0320361}.Debug|Any CPU.ActiveCfg = Debug|Any CPU
		{6FBF4BDD-D321-4B30-BA9C-70B1B0320361}.Debug|Any CPU.Build.0 = Debug|Any CPU
		{6FBF4BDD-D321-4B30-BA9C-70B1B0320361}.Release|Any CPU.ActiveCfg = Release|Any CPU
		{6FBF4BDD-D321-4B30-BA9C-70B1B0320361}.Release|Any CPU.Build.0 = Release|Any CPU
		{6DF0AC0B-335E-44A3-AD11-5DC7A12602D4}.Debug|Any CPU.ActiveCfg = Debug|Any CPU
		{6DF0AC0B-335E-44A3-AD11-5DC7A12602D4}.Debug|Any CPU.Build.0 = Debug|Any CPU
		{6DF0AC0B-335E-44A3-AD11-5DC7A12602D4}.Release|Any CPU.ActiveCfg = Release|Any CPU
		{6DF0AC0B-335E-44A3-AD11-5DC7A12602D4}.Release|Any CPU.Build.0 = Release|Any CPU
		{B87D8AB1-7C4D-4B2D-A8FA-76E94015544E}.Debug|Any CPU.ActiveCfg = Debug|Any CPU
		{B87D8AB1-7C4D-4B2D-A8FA-76E94015544E}.Debug|Any CPU.Build.0 = Debug|Any CPU
		{B87D8AB1-7C4D-4B2D-A8FA-76E94015544E}.Release|Any CPU.ActiveCfg = Release|Any CPU
		{B87D8AB1-7C4D-4B2D-A8FA-76E94015544E}.Release|Any CPU.Build.0 = Release|Any CPU
		{725625C7-DD38-4E69-8A5B-99298026954B}.Debug|Any CPU.ActiveCfg = Debug|Any CPU
		{725625C7-DD38-4E69-8A5B-99298026954B}.Debug|Any CPU.Build.0 = Debug|Any CPU
		{725625C7-DD38-4E69-8A5B-99298026954B}.Release|Any CPU.ActiveCfg = Release|Any CPU
		{725625C7-DD38-4E69-8A5B-99298026954B}.Release|Any CPU.Build.0 = Release|Any CPU
		{A69D2C16-E0AD-4911-8D4F-42369452BAB2}.Debug|Any CPU.ActiveCfg = Debug|Any CPU
		{A69D2C16-E0AD-4911-8D4F-42369452BAB2}.Debug|Any CPU.Build.0 = Debug|Any CPU
		{A69D2C16-E0AD-4911-8D4F-42369452BAB2}.Release|Any CPU.ActiveCfg = Release|Any CPU
		{A69D2C16-E0AD-4911-8D4F-42369452BAB2}.Release|Any CPU.Build.0 = Release|Any CPU
	EndGlobalSection
	GlobalSection(SolutionProperties) = preSolution
		HideSolutionNode = FALSE
	EndGlobalSection
	GlobalSection(ExtensibilityGlobals) = postSolution
		SolutionGuid = {191BB6A0-ADB0-4BD7-8AFD-16088283229C}
	EndGlobalSection
EndGlobal
