{
  "version": 1,
  "dependencies": {
    "net8.0": {
      "YorubaOrganization.Core": {
        "type": "Direct",
        "requested": "[6.*, )",
        "resolved": "6.0.2",
        "contentHash": "1vbTRTSxKmm8zfcwkqdT668psMBJ3FvUzENIy3eJ794Md9CpVZPrCEb4v48c/ijQOxhr9LiL73FiZU81LBwOTw==",
        "dependencies": {
          "MediatR.Contracts": "2.0.1"
        }
      },
      "MediatR.Contracts": {
        "type": "Transitive",
        "resolved": "2.0.1",
        "contentHash": "FYv95bNT4UwcNA+G/J1oX5OpRiSUxteXaUt2BJbRSdRNiIUNbggJF69wy6mnk2wYToaanpdXZdCwVylt96MpwQ=="
      },
      "words.core": {
        "type": "Project",
        "dependencies": {
          "YorubaOrganization.Core": "[6.*, )"
        }
      }
    }
  }
}